
Microsoft Visual Studio Solution File, Format Version 12.00
# Visual Studio 15
VisualStudioVersion = 15.0.27428.2015
MinimumVisualStudioVersion = 10.0.40219.1
Project("{FAE04EC0-301F-11D3-BF4B-00C04F79EFBC}") = "WebApplication10", "WebApplication10\WebApplication10.csproj", "{EFD99B2C-3A33-42C3-BE60-3A2518D30934}"
EndProject
Global
	GlobalSection(SolutionConfigurationPlatforms) = preSolution
		Debug|Any CPU = Debug|Any CPU
		Release|Any CPU = Release|Any CPU
	EndGlobalSection
	GlobalSection(ProjectConfigurationPlatforms) = postSolution
		{EFD99B2C-3A33-42C3-BE60-3A2518D30934}.Debug|Any CPU.ActiveCfg = Debug|Any CPU
		{EFD99B2C-3A33-42C3-BE60-3A2518D30934}.Debug|Any CPU.Build.0 = Debug|Any CPU
		{EFD99B2C-3A33-42C3-BE60-3A2518D30934}.Release|Any CPU.ActiveCfg = Release|Any CPU
		{EFD99B2C-3A33-42C3-BE60-3A2518D30934}.Release|Any CPU.Build.0 = Release|Any CPU
	EndGlobalSection
	GlobalSection(SolutionProperties) = preSolution
		HideSolutionNode = FALSE
	EndGlobalSection
	GlobalSection(ExtensibilityGlobals) = postSolution
		SolutionGuid = {2CA952D0-261C-4D21-BC0E-5212FCEBADC9}
	EndGlobalSection
EndGlobal
